// !$*UTF8*$!
{
	archiveVersion = 1;
	classes = {
	};
	objectVersion = 51;
	objects = {

/* Begin PBXBuildFile section */
		2B95E0416F2FF257E9E6D106 /* Pods_BuyAgroTests.framework in Frameworks */ = {isa = PBXBuildFile; fileRef = B92B9646A7E40131D883A9D5 /* Pods_BuyAgroTests.framework */; };
		5E2FE1BB259FD178001AFBF2 /* BasketViewController.swift in Sources */ = {isa = PBXBuildFile; fileRef = 5E2FE1BA259FD178001AFBF2 /* BasketViewController.swift */; };
		5E431F972592A02000430F04 /* Home.swift in Sources */ = {isa = PBXBuildFile; fileRef = 5E431F962592A02000430F04 /* Home.swift */; };
		5E6307F4259D033A00B9A3F8 /* ItemViewController.swift in Sources */ = {isa = PBXBuildFile; fileRef = 5E6307F3259D033A00B9A3F8 /* ItemViewController.swift */; };
		5E6307F9259D0A7800B9A3F8 /* imageCollectionViewCell.swift in Sources */ = {isa = PBXBuildFile; fileRef = 5E6307F8259D0A7800B9A3F8 /* imageCollectionViewCell.swift */; };
		5E630840259DF76100B9A3F8 /* Basket.swift in Sources */ = {isa = PBXBuildFile; fileRef = 5E63083F259DF76000B9A3F8 /* Basket.swift */; };
		5EC866DA2594E93C00BBDFFB /* itemsTableViewController.swift in Sources */ = {isa = PBXBuildFile; fileRef = 5EC866D92594E93C00BBDFFB /* itemsTableViewController.swift */; };
		5EDCAB9F259A76CA0098D8D5 /* itemTableViewCell.swift in Sources */ = {isa = PBXBuildFile; fileRef = 5EDCAB9E259A76C90098D8D5 /* itemTableViewCell.swift */; };
		5EDCABA7259BBDD20098D8D5 /* GoogleService-Info.plist in Resources */ = {isa = PBXBuildFile; fileRef = 5EDCABA6259BBDD20098D8D5 /* GoogleService-Info.plist */; };
		5EDCABAF259CA99C0098D8D5 /* Functions.swift in Sources */ = {isa = PBXBuildFile; fileRef = 5EDCABAE259CA99C0098D8D5 /* Functions.swift */; };
		5EE88FC52592A738002D5DA6 /* Constants.swift in Sources */ = {isa = PBXBuildFile; fileRef = 5EE88FC42592A738002D5DA6 /* Constants.swift */; };
		5EEF9066258E489C0045033A /* AppDelegate.swift in Sources */ = {isa = PBXBuildFile; fileRef = 5EEF9065258E489C0045033A /* AppDelegate.swift */; };
		5EEF9068258E489C0045033A /* SceneDelegate.swift in Sources */ = {isa = PBXBuildFile; fileRef = 5EEF9067258E489C0045033A /* SceneDelegate.swift */; };
		5EEF906D258E489C0045033A /* Main.storyboard in Resources */ = {isa = PBXBuildFile; fileRef = 5EEF906B258E489C0045033A /* Main.storyboard */; };
		5EEF9070258E489C0045033A /* BuyAgro.xcdatamodeld in Sources */ = {isa = PBXBuildFile; fileRef = 5EEF906E258E489C0045033A /* BuyAgro.xcdatamodeld */; };
		5EEF9072258E48A10045033A /* Assets.xcassets in Resources */ = {isa = PBXBuildFile; fileRef = 5EEF9071258E48A10045033A /* Assets.xcassets */; };
		5EEF9075258E48A10045033A /* LaunchScreen.storyboard in Resources */ = {isa = PBXBuildFile; fileRef = 5EEF9073258E48A10045033A /* LaunchScreen.storyboard */; };
		5EEF9080258E48A20045033A /* BuyAgroTests.swift in Sources */ = {isa = PBXBuildFile; fileRef = 5EEF907F258E48A20045033A /* BuyAgroTests.swift */; };
		5EEF908B258E48A20045033A /* BuyAgroUITests.swift in Sources */ = {isa = PBXBuildFile; fileRef = 5EEF908A258E48A20045033A /* BuyAgroUITests.swift */; };
		7C153D422590FA2200379A0B /* HomeCollectionViewController.swift in Sources */ = {isa = PBXBuildFile; fileRef = 7C153D412590FA2200379A0B /* HomeCollectionViewController.swift */; };
		7C153D472590FE8700379A0B /* HomeCollectionViewCell.swift in Sources */ = {isa = PBXBuildFile; fileRef = 7C153D462590FE8700379A0B /* HomeCollectionViewCell.swift */; };
		7C153D512591188800379A0B /* FirebaseCollectionReference.swift in Sources */ = {isa = PBXBuildFile; fileRef = 7C153D502591188800379A0B /* FirebaseCollectionReference.swift */; };
		7C6E8D052596A0E400E672D0 /* item.swift in Sources */ = {isa = PBXBuildFile; fileRef = 7C6E8D042596A0E400E672D0 /* item.swift */; };
		7C6E8D0A2596B2F700E672D0 /* AdditemViewController.swift in Sources */ = {isa = PBXBuildFile; fileRef = 7C6E8D092596B2F700E672D0 /* AdditemViewController.swift */; };
		7C6E8D0F2597627E00E672D0 /* Richability.swift in Sources */ = {isa = PBXBuildFile; fileRef = 7C6E8D0E2597627E00E672D0 /* Richability.swift */; };
		7C6E8D14259762E900E672D0 /* Downloader.swift in Sources */ = {isa = PBXBuildFile; fileRef = 7C6E8D13259762E900E672D0 /* Downloader.swift */; };
		B63577ACAEE5810144009CD3 /* Pods_BuyAgro_BuyAgroUITests.framework in Frameworks */ = {isa = PBXBuildFile; fileRef = 9EE923CEACB9542D4A84F777 /* Pods_BuyAgro_BuyAgroUITests.framework */; };
		F721D7529659AD1B75541CCF /* Pods_BuyAgro.framework in Frameworks */ = {isa = PBXBuildFile; fileRef = D5512DB3D71A262CEC56DE65 /* Pods_BuyAgro.framework */; };
/* End PBXBuildFile section */

/* Begin PBXContainerItemProxy section */
		5EEF907C258E48A20045033A /* PBXContainerItemProxy */ = {
			isa = PBXContainerItemProxy;
			containerPortal = 5EEF905A258E489C0045033A /* Project object */;
			proxyType = 1;
			remoteGlobalIDString = 5EEF9061258E489C0045033A;
			remoteInfo = BuyAgro;
		};
		5EEF9087258E48A20045033A /* PBXContainerItemProxy */ = {
			isa = PBXContainerItemProxy;
			containerPortal = 5EEF905A258E489C0045033A /* Project object */;
			proxyType = 1;
			remoteGlobalIDString = 5EEF9061258E489C0045033A;
			remoteInfo = BuyAgro;
		};
/* End PBXContainerItemProxy section */

/* Begin PBXFileReference section */
		0133B9B1DED7E36CC6BB7834 /* Pods-BuyAgroTests.release.xcconfig */ = {isa = PBXFileReference; includeInIndex = 1; lastKnownFileType = text.xcconfig; name = "Pods-BuyAgroTests.release.xcconfig"; path = "Target Support Files/Pods-BuyAgroTests/Pods-BuyAgroTests.release.xcconfig"; sourceTree = "<group>"; };
		028366638E419435995FCB2B /* Pods-BuyAgro-BuyAgroUITests.debug.xcconfig */ = {isa = PBXFileReference; includeInIndex = 1; lastKnownFileType = text.xcconfig; name = "Pods-BuyAgro-BuyAgroUITests.debug.xcconfig"; path = "Target Support Files/Pods-BuyAgro-BuyAgroUITests/Pods-BuyAgro-BuyAgroUITests.debug.xcconfig"; sourceTree = "<group>"; };
		41D3BF53B6F591242AA0EE97 /* Pods-BuyAgro.debug.xcconfig */ = {isa = PBXFileReference; includeInIndex = 1; lastKnownFileType = text.xcconfig; name = "Pods-BuyAgro.debug.xcconfig"; path = "Target Support Files/Pods-BuyAgro/Pods-BuyAgro.debug.xcconfig"; sourceTree = "<group>"; };
		5E2FE1BA259FD178001AFBF2 /* BasketViewController.swift */ = {isa = PBXFileReference; lastKnownFileType = sourcecode.swift; path = BasketViewController.swift; sourceTree = "<group>"; };
		5E431F962592A02000430F04 /* Home.swift */ = {isa = PBXFileReference; lastKnownFileType = sourcecode.swift; path = Home.swift; sourceTree = "<group>"; };
		5E6307F3259D033A00B9A3F8 /* ItemViewController.swift */ = {isa = PBXFileReference; lastKnownFileType = sourcecode.swift; path = ItemViewController.swift; sourceTree = "<group>"; };
		5E6307F8259D0A7800B9A3F8 /* imageCollectionViewCell.swift */ = {isa = PBXFileReference; lastKnownFileType = sourcecode.swift; path = imageCollectionViewCell.swift; sourceTree = "<group>"; };
		5E63083F259DF76000B9A3F8 /* Basket.swift */ = {isa = PBXFileReference; lastKnownFileType = sourcecode.swift; path = Basket.swift; sourceTree = "<group>"; };
		5EC866D92594E93C00BBDFFB /* itemsTableViewController.swift */ = {isa = PBXFileReference; lastKnownFileType = sourcecode.swift; path = itemsTableViewController.swift; sourceTree = "<group>"; };
		5EDCAB9E259A76C90098D8D5 /* itemTableViewCell.swift */ = {isa = PBXFileReference; lastKnownFileType = sourcecode.swift; path = itemTableViewCell.swift; sourceTree = "<group>"; };
		5EDCABA6259BBDD20098D8D5 /* GoogleService-Info.plist */ = {isa = PBXFileReference; fileEncoding = 4; lastKnownFileType = text.plist.xml; path = "GoogleService-Info.plist"; sourceTree = "<group>"; };
		5EDCABAE259CA99C0098D8D5 /* Functions.swift */ = {isa = PBXFileReference; lastKnownFileType = sourcecode.swift; path = Functions.swift; sourceTree = "<group>"; };
		5EE88FC42592A738002D5DA6 /* Constants.swift */ = {isa = PBXFileReference; lastKnownFileType = sourcecode.swift; path = Constants.swift; sourceTree = "<group>"; };
		5EEF9062258E489C0045033A /* BuyAgro.app */ = {isa = PBXFileReference; explicitFileType = wrapper.application; includeInIndex = 0; path = BuyAgro.app; sourceTree = BUILT_PRODUCTS_DIR; };
		5EEF9065258E489C0045033A /* AppDelegate.swift */ = {isa = PBXFileReference; lastKnownFileType = sourcecode.swift; path = AppDelegate.swift; sourceTree = "<group>"; };
		5EEF9067258E489C0045033A /* SceneDelegate.swift */ = {isa = PBXFileReference; lastKnownFileType = sourcecode.swift; path = SceneDelegate.swift; sourceTree = "<group>"; };
		5EEF906C258E489C0045033A /* Base */ = {isa = PBXFileReference; lastKnownFileType = file.storyboard; name = Base; path = Base.lproj/Main.storyboard; sourceTree = "<group>"; };
		5EEF906F258E489C0045033A /* BuyAgro.xcdatamodel */ = {isa = PBXFileReference; lastKnownFileType = wrapper.xcdatamodel; path = BuyAgro.xcdatamodel; sourceTree = "<group>"; };
		5EEF9071258E48A10045033A /* Assets.xcassets */ = {isa = PBXFileReference; lastKnownFileType = folder.assetcatalog; path = Assets.xcassets; sourceTree = "<group>"; };
		5EEF9074258E48A10045033A /* Base */ = {isa = PBXFileReference; lastKnownFileType = file.storyboard; name = Base; path = Base.lproj/LaunchScreen.storyboard; sourceTree = "<group>"; };
		5EEF9076258E48A10045033A /* Info.plist */ = {isa = PBXFileReference; lastKnownFileType = text.plist.xml; path = Info.plist; sourceTree = "<group>"; };
		5EEF907B258E48A20045033A /* BuyAgroTests.xctest */ = {isa = PBXFileReference; explicitFileType = wrapper.cfbundle; includeInIndex = 0; path = BuyAgroTests.xctest; sourceTree = BUILT_PRODUCTS_DIR; };
		5EEF907F258E48A20045033A /* BuyAgroTests.swift */ = {isa = PBXFileReference; lastKnownFileType = sourcecode.swift; path = BuyAgroTests.swift; sourceTree = "<group>"; };
		5EEF9081258E48A20045033A /* Info.plist */ = {isa = PBXFileReference; lastKnownFileType = text.plist.xml; path = Info.plist; sourceTree = "<group>"; };
		5EEF9086258E48A20045033A /* BuyAgroUITests.xctest */ = {isa = PBXFileReference; explicitFileType = wrapper.cfbundle; includeInIndex = 0; path = BuyAgroUITests.xctest; sourceTree = BUILT_PRODUCTS_DIR; };
		5EEF908A258E48A20045033A /* BuyAgroUITests.swift */ = {isa = PBXFileReference; lastKnownFileType = sourcecode.swift; path = BuyAgroUITests.swift; sourceTree = "<group>"; };
		5EEF908C258E48A20045033A /* Info.plist */ = {isa = PBXFileReference; lastKnownFileType = text.plist.xml; path = Info.plist; sourceTree = "<group>"; };
		7C153D412590FA2200379A0B /* HomeCollectionViewController.swift */ = {isa = PBXFileReference; lastKnownFileType = sourcecode.swift; path = HomeCollectionViewController.swift; sourceTree = "<group>"; };
		7C153D462590FE8700379A0B /* HomeCollectionViewCell.swift */ = {isa = PBXFileReference; lastKnownFileType = sourcecode.swift; path = HomeCollectionViewCell.swift; sourceTree = "<group>"; };
		7C153D502591188800379A0B /* FirebaseCollectionReference.swift */ = {isa = PBXFileReference; lastKnownFileType = sourcecode.swift; path = FirebaseCollectionReference.swift; sourceTree = "<group>"; };
		7C6E8D042596A0E400E672D0 /* item.swift */ = {isa = PBXFileReference; lastKnownFileType = sourcecode.swift; path = item.swift; sourceTree = "<group>"; };
		7C6E8D092596B2F700E672D0 /* AdditemViewController.swift */ = {isa = PBXFileReference; lastKnownFileType = sourcecode.swift; path = AdditemViewController.swift; sourceTree = "<group>"; };
		7C6E8D0E2597627E00E672D0 /* Richability.swift */ = {isa = PBXFileReference; lastKnownFileType = sourcecode.swift; path = Richability.swift; sourceTree = "<group>"; };
		7C6E8D13259762E900E672D0 /* Downloader.swift */ = {isa = PBXFileReference; lastKnownFileType = sourcecode.swift; path = Downloader.swift; sourceTree = "<group>"; };
		9054B2A8609EAF4AE0CB66F4 /* Pods-BuyAgro-BuyAgroUITests.release.xcconfig */ = {isa = PBXFileReference; includeInIndex = 1; lastKnownFileType = text.xcconfig; name = "Pods-BuyAgro-BuyAgroUITests.release.xcconfig"; path = "Target Support Files/Pods-BuyAgro-BuyAgroUITests/Pods-BuyAgro-BuyAgroUITests.release.xcconfig"; sourceTree = "<group>"; };
		92761DB3B4B0CFF4618268E4 /* Pods-BuyAgro.release.xcconfig */ = {isa = PBXFileReference; includeInIndex = 1; lastKnownFileType = text.xcconfig; name = "Pods-BuyAgro.release.xcconfig"; path = "Target Support Files/Pods-BuyAgro/Pods-BuyAgro.release.xcconfig"; sourceTree = "<group>"; };
		9EE923CEACB9542D4A84F777 /* Pods_BuyAgro_BuyAgroUITests.framework */ = {isa = PBXFileReference; explicitFileType = wrapper.framework; includeInIndex = 0; path = Pods_BuyAgro_BuyAgroUITests.framework; sourceTree = BUILT_PRODUCTS_DIR; };
		B92B9646A7E40131D883A9D5 /* Pods_BuyAgroTests.framework */ = {isa = PBXFileReference; explicitFileType = wrapper.framework; includeInIndex = 0; path = Pods_BuyAgroTests.framework; sourceTree = BUILT_PRODUCTS_DIR; };
		D5512DB3D71A262CEC56DE65 /* Pods_BuyAgro.framework */ = {isa = PBXFileReference; explicitFileType = wrapper.framework; includeInIndex = 0; path = Pods_BuyAgro.framework; sourceTree = BUILT_PRODUCTS_DIR; };
		F63A98BF4D53F2AA1AFB3AE8 /* Pods-BuyAgroTests.debug.xcconfig */ = {isa = PBXFileReference; includeInIndex = 1; lastKnownFileType = text.xcconfig; name = "Pods-BuyAgroTests.debug.xcconfig"; path = "Target Support Files/Pods-BuyAgroTests/Pods-BuyAgroTests.debug.xcconfig"; sourceTree = "<group>"; };
/* End PBXFileReference section */

/* Begin PBXFrameworksBuildPhase section */
		5EEF905F258E489C0045033A /* Frameworks */ = {
			isa = PBXFrameworksBuildPhase;
			buildActionMask = 2147483647;
			files = (
				F721D7529659AD1B75541CCF /* Pods_BuyAgro.framework in Frameworks */,
			);
			runOnlyForDeploymentPostprocessing = 0;
		};
		5EEF9078258E48A20045033A /* Frameworks */ = {
			isa = PBXFrameworksBuildPhase;
			buildActionMask = 2147483647;
			files = (
				2B95E0416F2FF257E9E6D106 /* Pods_BuyAgroTests.framework in Frameworks */,
			);
			runOnlyForDeploymentPostprocessing = 0;
		};
		5EEF9083258E48A20045033A /* Frameworks */ = {
			isa = PBXFrameworksBuildPhase;
			buildActionMask = 2147483647;
			files = (
				B63577ACAEE5810144009CD3 /* Pods_BuyAgro_BuyAgroUITests.framework in Frameworks */,
			);
			runOnlyForDeploymentPostprocessing = 0;
		};
/* End PBXFrameworksBuildPhase section */

/* Begin PBXGroup section */
		5E431F9325929FD800430F04 /* Helpers */ = {
			isa = PBXGroup;
			children = (
				7C153D502591188800379A0B /* FirebaseCollectionReference.swift */,
				5EE88FC42592A738002D5DA6 /* Constants.swift */,
				7C6E8D0E2597627E00E672D0 /* Richability.swift */,
				7C6E8D13259762E900E672D0 /* Downloader.swift */,
				5EDCABAE259CA99C0098D8D5 /* Functions.swift */,
			);
			path = Helpers;
			sourceTree = "<group>";
		};
		5E431F9425929FEF00430F04 /* View */ = {
			isa = PBXGroup;
			children = (
				7C153D412590FA2200379A0B /* HomeCollectionViewController.swift */,
				5EC866D92594E93C00BBDFFB /* itemsTableViewController.swift */,
				7C6E8D092596B2F700E672D0 /* AdditemViewController.swift */,
				5E6307F3259D033A00B9A3F8 /* ItemViewController.swift */,
				5E2FE1BA259FD178001AFBF2 /* BasketViewController.swift */,
			);
			path = View;
			sourceTree = "<group>";
		};
		5E431F9525929FFA00430F04 /* Cells */ = {
			isa = PBXGroup;
			children = (
				7C153D462590FE8700379A0B /* HomeCollectionViewCell.swift */,
				5EDCAB9E259A76C90098D8D5 /* itemTableViewCell.swift */,
				5E6307F8259D0A7800B9A3F8 /* imageCollectionViewCell.swift */,
			);
			path = Cells;
			sourceTree = "<group>";
		};
		5E431F9E2592A03700430F04 /* Model */ = {
			isa = PBXGroup;
			children = (
				5E431F962592A02000430F04 /* Home.swift */,
				7C6E8D042596A0E400E672D0 /* item.swift */,
				5E63083F259DF76000B9A3F8 /* Basket.swift */,
			);
			path = Model;
			sourceTree = "<group>";
		};
		5EEF9059258E489C0045033A = {
			isa = PBXGroup;
			children = (
				5EEF9064258E489C0045033A /* BuyAgro */,
				5EEF907E258E48A20045033A /* BuyAgroTests */,
				5EEF9089258E48A20045033A /* BuyAgroUITests */,
				5EEF9063258E489C0045033A /* Products */,
				7FE5623CB56FAACD5F9D6691 /* Pods */,
				D25937A709BF8C19692DDBF7 /* Frameworks */,
			);
			sourceTree = "<group>";
		};
		5EEF9063258E489C0045033A /* Products */ = {
			isa = PBXGroup;
			children = (
				5EEF9062258E489C0045033A /* BuyAgro.app */,
				5EEF907B258E48A20045033A /* BuyAgroTests.xctest */,
				5EEF9086258E48A20045033A /* BuyAgroUITests.xctest */,
			);
			name = Products;
			sourceTree = "<group>";
		};
		5EEF9064258E489C0045033A /* BuyAgro */ = {
			isa = PBXGroup;
			children = (
				5EEF9065258E489C0045033A /* AppDelegate.swift */,
				5EEF9067258E489C0045033A /* SceneDelegate.swift */,
				5EEF906B258E489C0045033A /* Main.storyboard */,
				5E431F9325929FD800430F04 /* Helpers */,
				5E431F9525929FFA00430F04 /* Cells */,
				5E431F9425929FEF00430F04 /* View */,
				5E431F9E2592A03700430F04 /* Model */,
				5EEF9071258E48A10045033A /* Assets.xcassets */,
				5EEF9073258E48A10045033A /* LaunchScreen.storyboard */,
				5EEF9076258E48A10045033A /* Info.plist */,
				5EDCABA6259BBDD20098D8D5 /* GoogleService-Info.plist */,
				5EEF906E258E489C0045033A /* BuyAgro.xcdatamodeld */,
			);
			path = BuyAgro;
			sourceTree = "<group>";
		};
		5EEF907E258E48A20045033A /* BuyAgroTests */ = {
			isa = PBXGroup;
			children = (
				5EEF907F258E48A20045033A /* BuyAgroTests.swift */,
				5EEF9081258E48A20045033A /* Info.plist */,
			);
			path = BuyAgroTests;
			sourceTree = "<group>";
		};
		5EEF9089258E48A20045033A /* BuyAgroUITests */ = {
			isa = PBXGroup;
			children = (
				5EEF908A258E48A20045033A /* BuyAgroUITests.swift */,
				5EEF908C258E48A20045033A /* Info.plist */,
			);
			path = BuyAgroUITests;
			sourceTree = "<group>";
		};
		7FE5623CB56FAACD5F9D6691 /* Pods */ = {
			isa = PBXGroup;
			children = (
				41D3BF53B6F591242AA0EE97 /* Pods-BuyAgro.debug.xcconfig */,
				92761DB3B4B0CFF4618268E4 /* Pods-BuyAgro.release.xcconfig */,
				028366638E419435995FCB2B /* Pods-BuyAgro-BuyAgroUITests.debug.xcconfig */,
				9054B2A8609EAF4AE0CB66F4 /* Pods-BuyAgro-BuyAgroUITests.release.xcconfig */,
				F63A98BF4D53F2AA1AFB3AE8 /* Pods-BuyAgroTests.debug.xcconfig */,
				0133B9B1DED7E36CC6BB7834 /* Pods-BuyAgroTests.release.xcconfig */,
			);
			path = Pods;
			sourceTree = "<group>";
		};
		D25937A709BF8C19692DDBF7 /* Frameworks */ = {
			isa = PBXGroup;
			children = (
				D5512DB3D71A262CEC56DE65 /* Pods_BuyAgro.framework */,
				9EE923CEACB9542D4A84F777 /* Pods_BuyAgro_BuyAgroUITests.framework */,
				B92B9646A7E40131D883A9D5 /* Pods_BuyAgroTests.framework */,
			);
			name = Frameworks;
			sourceTree = "<group>";
		};
/* End PBXGroup section */

/* Begin PBXNativeTarget section */
		5EEF9061258E489C0045033A /* BuyAgro */ = {
			isa = PBXNativeTarget;
			buildConfigurationList = 5EEF908F258E48A20045033A /* Build configuration list for PBXNativeTarget "BuyAgro" */;
			buildPhases = (
				6BDAC2558F74F3E4426624D3 /* [CP] Check Pods Manifest.lock */,
				5EEF905E258E489C0045033A /* Sources */,
				5EEF905F258E489C0045033A /* Frameworks */,
				5EEF9060258E489C0045033A /* Resources */,
				F9B83DFA9D3A5ECC0BE65DB2 /* [CP] Embed Pods Frameworks */,
			);
			buildRules = (
			);
			dependencies = (
			);
			name = BuyAgro;
			productName = BuyAgro;
			productReference = 5EEF9062258E489C0045033A /* BuyAgro.app */;
			productType = "com.apple.product-type.application";
		};
		5EEF907A258E48A20045033A /* BuyAgroTests */ = {
			isa = PBXNativeTarget;
			buildConfigurationList = 5EEF9092258E48A20045033A /* Build configuration list for PBXNativeTarget "BuyAgroTests" */;
			buildPhases = (
				324C3026BA7329B6ED5BEA6A /* [CP] Check Pods Manifest.lock */,
				5EEF9077258E48A20045033A /* Sources */,
				5EEF9078258E48A20045033A /* Frameworks */,
				5EEF9079258E48A20045033A /* Resources */,
			);
			buildRules = (
			);
			dependencies = (
				5EEF907D258E48A20045033A /* PBXTargetDependency */,
			);
			name = BuyAgroTests;
			productName = BuyAgroTests;
			productReference = 5EEF907B258E48A20045033A /* BuyAgroTests.xctest */;
			productType = "com.apple.product-type.bundle.unit-test";
		};
		5EEF9085258E48A20045033A /* BuyAgroUITests */ = {
			isa = PBXNativeTarget;
			buildConfigurationList = 5EEF9095258E48A20045033A /* Build configuration list for PBXNativeTarget "BuyAgroUITests" */;
			buildPhases = (
				5C8EF3B254C578FBEC12C912 /* [CP] Check Pods Manifest.lock */,
				5EEF9082258E48A20045033A /* Sources */,
				5EEF9083258E48A20045033A /* Frameworks */,
				5EEF9084258E48A20045033A /* Resources */,
				E09678DE0C5F69A25C9B5DD6 /* [CP] Embed Pods Frameworks */,
			);
			buildRules = (
			);
			dependencies = (
				5EEF9088258E48A20045033A /* PBXTargetDependency */,
			);
			name = BuyAgroUITests;
			productName = BuyAgroUITests;
			productReference = 5EEF9086258E48A20045033A /* BuyAgroUITests.xctest */;
			productType = "com.apple.product-type.bundle.ui-testing";
		};
/* End PBXNativeTarget section */

/* Begin PBXProject section */
		5EEF905A258E489C0045033A /* Project object */ = {
			isa = PBXProject;
			attributes = {
				LastSwiftUpdateCheck = 1200;
				LastUpgradeCheck = 1200;
				TargetAttributes = {
					5EEF9061258E489C0045033A = {
						CreatedOnToolsVersion = 12.0.1;
					};
					5EEF907A258E48A20045033A = {
						CreatedOnToolsVersion = 12.0.1;
						TestTargetID = 5EEF9061258E489C0045033A;
					};
					5EEF9085258E48A20045033A = {
						CreatedOnToolsVersion = 12.0.1;
						TestTargetID = 5EEF9061258E489C0045033A;
					};
				};
			};
			buildConfigurationList = 5EEF905D258E489C0045033A /* Build configuration list for PBXProject "BuyAgro" */;
			compatibilityVersion = "Xcode 9.3";
			developmentRegion = en;
			hasScannedForEncodings = 0;
			knownRegions = (
				en,
				Base,
			);
			mainGroup = 5EEF9059258E489C0045033A;
			productRefGroup = 5EEF9063258E489C0045033A /* Products */;
			projectDirPath = "";
			projectRoot = "";
			targets = (
				5EEF9061258E489C0045033A /* BuyAgro */,
				5EEF907A258E48A20045033A /* BuyAgroTests */,
				5EEF9085258E48A20045033A /* BuyAgroUITests */,
			);
		};
/* End PBXProject section */

/* Begin PBXResourcesBuildPhase section */
		5EEF9060258E489C0045033A /* Resources */ = {
			isa = PBXResourcesBuildPhase;
			buildActionMask = 2147483647;
			files = (
				5EEF9075258E48A10045033A /* LaunchScreen.storyboard in Resources */,
				5EEF9072258E48A10045033A /* Assets.xcassets in Resources */,
				5EDCABA7259BBDD20098D8D5 /* GoogleService-Info.plist in Resources */,
				5EEF906D258E489C0045033A /* Main.storyboard in Resources */,
			);
			runOnlyForDeploymentPostprocessing = 0;
		};
		5EEF9079258E48A20045033A /* Resources */ = {
			isa = PBXResourcesBuildPhase;
			buildActionMask = 2147483647;
			files = (
			);
			runOnlyForDeploymentPostprocessing = 0;
		};
		5EEF9084258E48A20045033A /* Resources */ = {
			isa = PBXResourcesBuildPhase;
			buildActionMask = 2147483647;
			files = (
			);
			runOnlyForDeploymentPostprocessing = 0;
		};
/* End PBXResourcesBuildPhase section */

/* Begin PBXShellScriptBuildPhase section */
		324C3026BA7329B6ED5BEA6A /* [CP] Check Pods Manifest.lock */ = {
			isa = PBXShellScriptBuildPhase;
			buildActionMask = 2147483647;
			files = (
			);
			inputFileListPaths = (
			);
			inputPaths = (
				"${PODS_PODFILE_DIR_PATH}/Podfile.lock",
				"${PODS_ROOT}/Manifest.lock",
			);
			name = "[CP] Check Pods Manifest.lock";
			outputFileListPaths = (
			);
			outputPaths = (
				"$(DERIVED_FILE_DIR)/Pods-BuyAgroTests-checkManifestLockResult.txt",
			);
			runOnlyForDeploymentPostprocessing = 0;
			shellPath = /bin/sh;
			shellScript = "diff \"${PODS_PODFILE_DIR_PATH}/Podfile.lock\" \"${PODS_ROOT}/Manifest.lock\" > /dev/null\nif [ $? != 0 ] ; then\n    # print error to STDERR\n    echo \"error: The sandbox is not in sync with the Podfile.lock. Run 'pod install' or update your CocoaPods installation.\" >&2\n    exit 1\nfi\n# This output is used by Xcode 'outputs' to avoid re-running this script phase.\necho \"SUCCESS\" > \"${SCRIPT_OUTPUT_FILE_0}\"\n";
			showEnvVarsInLog = 0;
		};
		5C8EF3B254C578FBEC12C912 /* [CP] Check Pods Manifest.lock */ = {
			isa = PBXShellScriptBuildPhase;
			buildActionMask = 2147483647;
			files = (
			);
			inputFileListPaths = (
			);
			inputPaths = (
				"${PODS_PODFILE_DIR_PATH}/Podfile.lock",
				"${PODS_ROOT}/Manifest.lock",
			);
			name = "[CP] Check Pods Manifest.lock";
			outputFileListPaths = (
			);
			outputPaths = (
				"$(DERIVED_FILE_DIR)/Pods-BuyAgro-BuyAgroUITests-checkManifestLockResult.txt",
			);
			runOnlyForDeploymentPostprocessing = 0;
			shellPath = /bin/sh;
			shellScript = "diff \"${PODS_PODFILE_DIR_PATH}/Podfile.lock\" \"${PODS_ROOT}/Manifest.lock\" > /dev/null\nif [ $? != 0 ] ; then\n    # print error to STDERR\n    echo \"error: The sandbox is not in sync with the Podfile.lock. Run 'pod install' or update your CocoaPods installation.\" >&2\n    exit 1\nfi\n# This output is used by Xcode 'outputs' to avoid re-running this script phase.\necho \"SUCCESS\" > \"${SCRIPT_OUTPUT_FILE_0}\"\n";
			showEnvVarsInLog = 0;
		};
		6BDAC2558F74F3E4426624D3 /* [CP] Check Pods Manifest.lock */ = {
			isa = PBXShellScriptBuildPhase;
			buildActionMask = 2147483647;
			files = (
			);
			inputFileListPaths = (
			);
			inputPaths = (
				"${PODS_PODFILE_DIR_PATH}/Podfile.lock",
				"${PODS_ROOT}/Manifest.lock",
			);
			name = "[CP] Check Pods Manifest.lock";
			outputFileListPaths = (
			);
			outputPaths = (
				"$(DERIVED_FILE_DIR)/Pods-BuyAgro-checkManifestLockResult.txt",
			);
			runOnlyForDeploymentPostprocessing = 0;
			shellPath = /bin/sh;
			shellScript = "diff \"${PODS_PODFILE_DIR_PATH}/Podfile.lock\" \"${PODS_ROOT}/Manifest.lock\" > /dev/null\nif [ $? != 0 ] ; then\n    # print error to STDERR\n    echo \"error: The sandbox is not in sync with the Podfile.lock. Run 'pod install' or update your CocoaPods installation.\" >&2\n    exit 1\nfi\n# This output is used by Xcode 'outputs' to avoid re-running this script phase.\necho \"SUCCESS\" > \"${SCRIPT_OUTPUT_FILE_0}\"\n";
			showEnvVarsInLog = 0;
		};
		E09678DE0C5F69A25C9B5DD6 /* [CP] Embed Pods Frameworks */ = {
			isa = PBXShellScriptBuildPhase;
			buildActionMask = 2147483647;
			files = (
			);
			inputFileListPaths = (
				"${PODS_ROOT}/Target Support Files/Pods-BuyAgro-BuyAgroUITests/Pods-BuyAgro-BuyAgroUITests-frameworks-${CONFIGURATION}-input-files.xcfilelist",
			);
			name = "[CP] Embed Pods Frameworks";
			outputFileListPaths = (
				"${PODS_ROOT}/Target Support Files/Pods-BuyAgro-BuyAgroUITests/Pods-BuyAgro-BuyAgroUITests-frameworks-${CONFIGURATION}-output-files.xcfilelist",
			);
			runOnlyForDeploymentPostprocessing = 0;
			shellPath = /bin/sh;
			shellScript = "\"${PODS_ROOT}/Target Support Files/Pods-BuyAgro-BuyAgroUITests/Pods-BuyAgro-BuyAgroUITests-frameworks.sh\"\n";
			showEnvVarsInLog = 0;
		};
		F9B83DFA9D3A5ECC0BE65DB2 /* [CP] Embed Pods Frameworks */ = {
			isa = PBXShellScriptBuildPhase;
			buildActionMask = 2147483647;
			files = (
			);
			inputFileListPaths = (
				"${PODS_ROOT}/Target Support Files/Pods-BuyAgro/Pods-BuyAgro-frameworks-${CONFIGURATION}-input-files.xcfilelist",
			);
			name = "[CP] Embed Pods Frameworks";
			outputFileListPaths = (
				"${PODS_ROOT}/Target Support Files/Pods-BuyAgro/Pods-BuyAgro-frameworks-${CONFIGURATION}-output-files.xcfilelist",
			);
			runOnlyForDeploymentPostprocessing = 0;
			shellPath = /bin/sh;
			shellScript = "\"${PODS_ROOT}/Target Support Files/Pods-BuyAgro/Pods-BuyAgro-frameworks.sh\"\n";
			showEnvVarsInLog = 0;
		};
/* End PBXShellScriptBuildPhase section */

/* Begin PBXSourcesBuildPhase section */
		5EEF905E258E489C0045033A /* Sources */ = {
			isa = PBXSourcesBuildPhase;
			buildActionMask = 2147483647;
			files = (
				7C153D512591188800379A0B /* FirebaseCollectionReference.swift in Sources */,
				5E6307F4259D033A00B9A3F8 /* ItemViewController.swift in Sources */,
				5EEF9070258E489C0045033A /* BuyAgro.xcdatamodeld in Sources */,
				7C6E8D0A2596B2F700E672D0 /* AdditemViewController.swift in Sources */,
				7C6E8D052596A0E400E672D0 /* item.swift in Sources */,
				7C6E8D0F2597627E00E672D0 /* Richability.swift in Sources */,
				7C153D472590FE8700379A0B /* HomeCollectionViewCell.swift in Sources */,
				5E6307F9259D0A7800B9A3F8 /* imageCollectionViewCell.swift in Sources */,
				5EEF9066258E489C0045033A /* AppDelegate.swift in Sources */,
				5EC866DA2594E93C00BBDFFB /* itemsTableViewController.swift in Sources */,
				5EDCABAF259CA99C0098D8D5 /* Functions.swift in Sources */,
				7C6E8D14259762E900E672D0 /* Downloader.swift in Sources */,
				7C153D422590FA2200379A0B /* HomeCollectionViewController.swift in Sources */,
				5EDCAB9F259A76CA0098D8D5 /* itemTableViewCell.swift in Sources */,
				5E2FE1BB259FD178001AFBF2 /* BasketViewController.swift in Sources */,
				5EEF9068258E489C0045033A /* SceneDelegate.swift in Sources */,
				5E630840259DF76100B9A3F8 /* Basket.swift in Sources */,
				5E431F972592A02000430F04 /* Home.swift in Sources */,
				5EE88FC52592A738002D5DA6 /* Constants.swift in Sources */,
			);
			runOnlyForDeploymentPostprocessing = 0;
		};
		5EEF9077258E48A20045033A /* Sources */ = {
			isa = PBXSourcesBuildPhase;
			buildActionMask = 2147483647;
			files = (
				5EEF9080258E48A20045033A /* BuyAgroTests.swift in Sources */,
			);
			runOnlyForDeploymentPostprocessing = 0;
		};
		5EEF9082258E48A20045033A /* Sources */ = {
			isa = PBXSourcesBuildPhase;
			buildActionMask = 2147483647;
			files = (
				5EEF908B258E48A20045033A /* BuyAgroUITests.swift in Sources */,
			);
			runOnlyForDeploymentPostprocessing = 0;
		};
/* End PBXSourcesBuildPhase section */

/* Begin PBXTargetDependency section */
		5EEF907D258E48A20045033A /* PBXTargetDependency */ = {
			isa = PBXTargetDependency;
			target = 5EEF9061258E489C0045033A /* BuyAgro */;
			targetProxy = 5EEF907C258E48A20045033A /* PBXContainerItemProxy */;
		};
		5EEF9088258E48A20045033A /* PBXTargetDependency */ = {
			isa = PBXTargetDependency;
			target = 5EEF9061258E489C0045033A /* BuyAgro */;
			targetProxy = 5EEF9087258E48A20045033A /* PBXContainerItemProxy */;
		};
/* End PBXTargetDependency section */

/* Begin PBXVariantGroup section */
		5EEF906B258E489C0045033A /* Main.storyboard */ = {
			isa = PBXVariantGroup;
			children = (
				5EEF906C258E489C0045033A /* Base */,
			);
			name = Main.storyboard;
			sourceTree = "<group>";
		};
		5EEF9073258E48A10045033A /* LaunchScreen.storyboard */ = {
			isa = PBXVariantGroup;
			children = (
				5EEF9074258E48A10045033A /* Base */,
			);
			name = LaunchScreen.storyboard;
			sourceTree = "<group>";
		};
/* End PBXVariantGroup section */

/* Begin XCBuildConfiguration section */
		5EEF908D258E48A20045033A /* Debug */ = {
			isa = XCBuildConfiguration;
			buildSettings = {
				ALWAYS_SEARCH_USER_PATHS = NO;
				CLANG_ANALYZER_NONNULL = YES;
				CLANG_ANALYZER_NUMBER_OBJECT_CONVERSION = YES_AGGRESSIVE;
				CLANG_CXX_LANGUAGE_STANDARD = "gnu++14";
				CLANG_CXX_LIBRARY = "libc++";
				CLANG_ENABLE_MODULES = YES;
				CLANG_ENABLE_OBJC_ARC = YES;
				CLANG_ENABLE_OBJC_WEAK = YES;
				CLANG_WARN_BLOCK_CAPTURE_AUTORELEASING = YES;
				CLANG_WARN_BOOL_CONVERSION = YES;
				CLANG_WARN_COMMA = YES;
				CLANG_WARN_CONSTANT_CONVERSION = YES;
				CLANG_WARN_DEPRECATED_OBJC_IMPLEMENTATIONS = YES;
				CLANG_WARN_DIRECT_OBJC_ISA_USAGE = YES_ERROR;
				CLANG_WARN_DOCUMENTATION_COMMENTS = YES;
				CLANG_WARN_EMPTY_BODY = YES;
				CLANG_WARN_ENUM_CONVERSION = YES;
				CLANG_WARN_INFINITE_RECURSION = YES;
				CLANG_WARN_INT_CONVERSION = YES;
				CLANG_WARN_NON_LITERAL_NULL_CONVERSION = YES;
				CLANG_WARN_OBJC_IMPLICIT_RETAIN_SELF = YES;
				CLANG_WARN_OBJC_LITERAL_CONVERSION = YES;
				CLANG_WARN_OBJC_ROOT_CLASS = YES_ERROR;
				CLANG_WARN_QUOTED_INCLUDE_IN_FRAMEWORK_HEADER = YES;
				CLANG_WARN_RANGE_LOOP_ANALYSIS = YES;
				CLANG_WARN_STRICT_PROTOTYPES = YES;
				CLANG_WARN_SUSPICIOUS_MOVE = YES;
				CLANG_WARN_UNGUARDED_AVAILABILITY = YES_AGGRESSIVE;
				CLANG_WARN_UNREACHABLE_CODE = YES;
				CLANG_WARN__DUPLICATE_METHOD_MATCH = YES;
				COPY_PHASE_STRIP = NO;
				DEBUG_INFORMATION_FORMAT = dwarf;
				ENABLE_STRICT_OBJC_MSGSEND = YES;
				ENABLE_TESTABILITY = YES;
				GCC_C_LANGUAGE_STANDARD = gnu11;
				GCC_DYNAMIC_NO_PIC = NO;
				GCC_NO_COMMON_BLOCKS = YES;
				GCC_OPTIMIZATION_LEVEL = 0;
				GCC_PREPROCESSOR_DEFINITIONS = (
					"DEBUG=1",
					"$(inherited)",
				);
				GCC_WARN_64_TO_32_BIT_CONVERSION = YES;
				GCC_WARN_ABOUT_RETURN_TYPE = YES_ERROR;
				GCC_WARN_UNDECLARED_SELECTOR = YES;
				GCC_WARN_UNINITIALIZED_AUTOS = YES_AGGRESSIVE;
				GCC_WARN_UNUSED_FUNCTION = YES;
				GCC_WARN_UNUSED_VARIABLE = YES;
				IPHONEOS_DEPLOYMENT_TARGET = 14.0;
				MTL_ENABLE_DEBUG_INFO = INCLUDE_SOURCE;
				MTL_FAST_MATH = YES;
				ONLY_ACTIVE_ARCH = YES;
				SDKROOT = iphoneos;
				SWIFT_ACTIVE_COMPILATION_CONDITIONS = DEBUG;
				SWIFT_OPTIMIZATION_LEVEL = "-Onone";
			};
			name = Debug;
		};
		5EEF908E258E48A20045033A /* Release */ = {
			isa = XCBuildConfiguration;
			buildSettings = {
				ALWAYS_SEARCH_USER_PATHS = NO;
				CLANG_ANALYZER_NONNULL = YES;
				CLANG_ANALYZER_NUMBER_OBJECT_CONVERSION = YES_AGGRESSIVE;
				CLANG_CXX_LANGUAGE_STANDARD = "gnu++14";
				CLANG_CXX_LIBRARY = "libc++";
				CLANG_ENABLE_MODULES = YES;
				CLANG_ENABLE_OBJC_ARC = YES;
				CLANG_ENABLE_OBJC_WEAK = YES;
				CLANG_WARN_BLOCK_CAPTURE_AUTORELEASING = YES;
				CLANG_WARN_BOOL_CONVERSION = YES;
				CLANG_WARN_COMMA = YES;
				CLANG_WARN_CONSTANT_CONVERSION = YES;
				CLANG_WARN_DEPRECATED_OBJC_IMPLEMENTATIONS = YES;
				CLANG_WARN_DIRECT_OBJC_ISA_USAGE = YES_ERROR;
				CLANG_WARN_DOCUMENTATION_COMMENTS = YES;
				CLANG_WARN_EMPTY_BODY = YES;
				CLANG_WARN_ENUM_CONVERSION = YES;
				CLANG_WARN_INFINITE_RECURSION = YES;
				CLANG_WARN_INT_CONVERSION = YES;
				CLANG_WARN_NON_LITERAL_NULL_CONVERSION = YES;
				CLANG_WARN_OBJC_IMPLICIT_RETAIN_SELF = YES;
				CLANG_WARN_OBJC_LITERAL_CONVERSION = YES;
				CLANG_WARN_OBJC_ROOT_CLASS = YES_ERROR;
				CLANG_WARN_QUOTED_INCLUDE_IN_FRAMEWORK_HEADER = YES;
				CLANG_WARN_RANGE_LOOP_ANALYSIS = YES;
				CLANG_WARN_STRICT_PROTOTYPES = YES;
				CLANG_WARN_SUSPICIOUS_MOVE = YES;
				CLANG_WARN_UNGUARDED_AVAILABILITY = YES_AGGRESSIVE;
				CLANG_WARN_UNREACHABLE_CODE = YES;
				CLANG_WARN__DUPLICATE_METHOD_MATCH = YES;
				COPY_PHASE_STRIP = NO;
				DEBUG_INFORMATION_FORMAT = "dwarf-with-dsym";
				ENABLE_NS_ASSERTIONS = NO;
				ENABLE_STRICT_OBJC_MSGSEND = YES;
				GCC_C_LANGUAGE_STANDARD = gnu11;
				GCC_NO_COMMON_BLOCKS = YES;
				GCC_WARN_64_TO_32_BIT_CONVERSION = YES;
				GCC_WARN_ABOUT_RETURN_TYPE = YES_ERROR;
				GCC_WARN_UNDECLARED_SELECTOR = YES;
				GCC_WARN_UNINITIALIZED_AUTOS = YES_AGGRESSIVE;
				GCC_WARN_UNUSED_FUNCTION = YES;
				GCC_WARN_UNUSED_VARIABLE = YES;
				IPHONEOS_DEPLOYMENT_TARGET = 14.0;
				MTL_ENABLE_DEBUG_INFO = NO;
				MTL_FAST_MATH = YES;
				SDKROOT = iphoneos;
				SWIFT_COMPILATION_MODE = wholemodule;
				SWIFT_OPTIMIZATION_LEVEL = "-O";
				VALIDATE_PRODUCT = YES;
			};
			name = Release;
		};
		5EEF9090258E48A20045033A /* Debug */ = {
			isa = XCBuildConfiguration;
			baseConfigurationReference = 41D3BF53B6F591242AA0EE97 /* Pods-BuyAgro.debug.xcconfig */;
			buildSettings = {
				ASSETCATALOG_COMPILER_APPICON_NAME = AppIcon;
				ASSETCATALOG_COMPILER_GLOBAL_ACCENT_COLOR_NAME = AccentColor;
				CODE_SIGN_STYLE = Automatic;
				INFOPLIST_FILE = BuyAgro/Info.plist;
				LD_RUNPATH_SEARCH_PATHS = (
					"$(inherited)",
					"@executable_path/Frameworks",
				);
				PRODUCT_BUNDLE_IDENTIFIER = Oluwakemi.Onajinrin.BuyAgro;
				PRODUCT_NAME = "$(TARGET_NAME)";
				SWIFT_VERSION = 5.0;
				TARGETED_DEVICE_FAMILY = "1,2";
			};
			name = Debug;
		};
		5EEF9091258E48A20045033A /* Release */ = {
			isa = XCBuildConfiguration;
			baseConfigurationReference = 92761DB3B4B0CFF4618268E4 /* Pods-BuyAgro.release.xcconfig */;
			buildSettings = {
				ASSETCATALOG_COMPILER_APPICON_NAME = AppIcon;
				ASSETCATALOG_COMPILER_GLOBAL_ACCENT_COLOR_NAME = AccentColor;
				CODE_SIGN_STYLE = Automatic;
				INFOPLIST_FILE = BuyAgro/Info.plist;
				LD_RUNPATH_SEARCH_PATHS = (
					"$(inherited)",
					"@executable_path/Frameworks",
				);
				PRODUCT_BUNDLE_IDENTIFIER = Oluwakemi.Onajinrin.BuyAgro;
				PRODUCT_NAME = "$(TARGET_NAME)";
				SWIFT_VERSION = 5.0;
				TARGETED_DEVICE_FAMILY = "1,2";
			};
			name = Release;
		};
		5EEF9093258E48A20045033A /* Debug */ = {
			isa = XCBuildConfiguration;
			baseConfigurationReference = F63A98BF4D53F2AA1AFB3AE8 /* Pods-BuyAgroTests.debug.xcconfig */;
			buildSettings = {
				ALWAYS_EMBED_SWIFT_STANDARD_LIBRARIES = YES;
				BUNDLE_LOADER = "$(TEST_HOST)";
				CODE_SIGN_STYLE = Automatic;
				INFOPLIST_FILE = BuyAgroTests/Info.plist;
				IPHONEOS_DEPLOYMENT_TARGET = 14.0;
				LD_RUNPATH_SEARCH_PATHS = (
					"$(inherited)",
					"@executable_path/Frameworks",
					"@loader_path/Frameworks",
				);
				PRODUCT_BUNDLE_IDENTIFIER = Oluwakemi.Onajinrin.BuyAgroTests;
				PRODUCT_NAME = "$(TARGET_NAME)";
				SWIFT_VERSION = 5.0;
				TARGETED_DEVICE_FAMILY = "1,2";
				TEST_HOST = "$(BUILT_PRODUCTS_DIR)/BuyAgro.app/BuyAgro";
			};
			name = Debug;
		};
		5EEF9094258E48A20045033A /* Release */ = {
			isa = XCBuildConfiguration;
			baseConfigurationReference = 0133B9B1DED7E36CC6BB7834 /* Pods-BuyAgroTests.release.xcconfig */;
			buildSettings = {
				ALWAYS_EMBED_SWIFT_STANDARD_LIBRARIES = YES;
				BUNDLE_LOADER = "$(TEST_HOST)";
				CODE_SIGN_STYLE = Automatic;
				INFOPLIST_FILE = BuyAgroTests/Info.plist;
				IPHONEOS_DEPLOYMENT_TARGET = 14.0;
				LD_RUNPATH_SEARCH_PATHS = (
					"$(inherited)",
					"@executable_path/Frameworks",
					"@loader_path/Frameworks",
				);
				PRODUCT_BUNDLE_IDENTIFIER = Oluwakemi.Onajinrin.BuyAgroTests;
				PRODUCT_NAME = "$(TARGET_NAME)";
				SWIFT_VERSION = 5.0;
				TARGETED_DEVICE_FAMILY = "1,2";
				TEST_HOST = "$(BUILT_PRODUCTS_DIR)/BuyAgro.app/BuyAgro";
			};
			name = Release;
		};
		5EEF9096258E48A20045033A /* Debug */ = {
			isa = XCBuildConfiguration;
			baseConfigurationReference = 028366638E419435995FCB2B /* Pods-BuyAgro-BuyAgroUITests.debug.xcconfig */;
			buildSettings = {
				ALWAYS_EMBED_SWIFT_STANDARD_LIBRARIES = YES;
				CODE_SIGN_STYLE = Automatic;
				INFOPLIST_FILE = BuyAgroUITests/Info.plist;
				LD_RUNPATH_SEARCH_PATHS = (
					"$(inherited)",
					"@executable_path/Frameworks",
					"@loader_path/Frameworks",
				);
				PRODUCT_BUNDLE_IDENTIFIER = Oluwakemi.Onajinrin.BuyAgroUITests;
				PRODUCT_NAME = "$(TARGET_NAME)";
				SWIFT_VERSION = 5.0;
				TARGETED_DEVICE_FAMILY = "1,2";
				TEST_TARGET_NAME = BuyAgro;
			};
			name = Debug;
		};
		5EEF9097258E48A20045033A /* Release */ = {
			isa = XCBuildConfiguration;
			baseConfigurationReference = 9054B2A8609EAF4AE0CB66F4 /* Pods-BuyAgro-BuyAgroUITests.release.xcconfig */;
			buildSettings = {
				ALWAYS_EMBED_SWIFT_STANDARD_LIBRARIES = YES;
				CODE_SIGN_STYLE = Automatic;
				INFOPLIST_FILE = BuyAgroUITests/Info.plist;
				LD_RUNPATH_SEARCH_PATHS = (
					"$(inherited)",
					"@executable_path/Frameworks",
					"@loader_path/Frameworks",
				);
				PRODUCT_BUNDLE_IDENTIFIER = Oluwakemi.Onajinrin.BuyAgroUITests;
				PRODUCT_NAME = "$(TARGET_NAME)";
				SWIFT_VERSION = 5.0;
				TARGETED_DEVICE_FAMILY = "1,2";
				TEST_TARGET_NAME = BuyAgro;
			};
			name = Release;
		};
/* End XCBuildConfiguration section */

/* Begin XCConfigurationList section */
		5EEF905D258E489C0045033A /* Build configuration list for PBXProject "BuyAgro" */ = {
			isa = XCConfigurationList;
			buildConfigurations = (
				5EEF908D258E48A20045033A /* Debug */,
				5EEF908E258E48A20045033A /* Release */,
			);
			defaultConfigurationIsVisible = 0;
			defaultConfigurationName = Release;
		};
		5EEF908F258E48A20045033A /* Build configuration list for PBXNativeTarget "BuyAgro" */ = {
			isa = XCConfigurationList;
			buildConfigurations = (
				5EEF9090258E48A20045033A /* Debug */,
				5EEF9091258E48A20045033A /* Release */,
			);
			defaultConfigurationIsVisible = 0;
			defaultConfigurationName = Release;
		};
		5EEF9092258E48A20045033A /* Build configuration list for PBXNativeTarget "BuyAgroTests" */ = {
			isa = XCConfigurationList;
			buildConfigurations = (
				5EEF9093258E48A20045033A /* Debug */,
				5EEF9094258E48A20045033A /* Release */,
			);
			defaultConfigurationIsVisible = 0;
			defaultConfigurationName = Release;
		};
		5EEF9095258E48A20045033A /* Build configuration list for PBXNativeTarget "BuyAgroUITests" */ = {
			isa = XCConfigurationList;
			buildConfigurations = (
				5EEF9096258E48A20045033A /* Debug */,
				5EEF9097258E48A20045033A /* Release */,
			);
			defaultConfigurationIsVisible = 0;
			defaultConfigurationName = Release;
		};
/* End XCConfigurationList section */

/* Begin XCVersionGroup section */
		5EEF906E258E489C0045033A /* BuyAgro.xcdatamodeld */ = {
			isa = XCVersionGroup;
			children = (
				5EEF906F258E489C0045033A /* BuyAgro.xcdatamodel */,
			);
			currentVersion = 5EEF906F258E489C0045033A /* BuyAgro.xcdatamodel */;
			path = BuyAgro.xcdatamodeld;
			sourceTree = "<group>";
			versionGroupType = wrapper.xcdatamodel;
		};
/* End XCVersionGroup section */
	};
	rootObject = 5EEF905A258E489C0045033A /* Project object */;
}
